
Microsoft Visual Studio Solution File, Format Version 12.00
# Visual Studio Version 17
VisualStudioVersion = 17.13.35931.197 d17.13
MinimumVisualStudioVersion = 10.0.40219.1
Project("{FAE04EC0-301F-11D3-BF4B-00C04F79EFBC}") = "FoodOrdering", "FoodOrdering\FoodOrdering.csproj", "{5469CE12-A76B-37CC-C9DC-247BA73EA41B}"
EndProject
Project("{FAE04EC0-301F-11D3-BF4B-00C04F79EFBC}") = "SignalRPOC Solution.AppHost", "SignalRPOC Solution.AppHost\SignalRPOC Solution.AppHost.csproj", "{8D77DF3F-F674-4923-8516-A7B60BBCBDC9}"
EndProject
Project("{FAE04EC0-301F-11D3-BF4B-00C04F79EFBC}") = "SignalRPOC Solution.ServiceDefaults", "SignalRPOC Solution.ServiceDefaults\SignalRPOC Solution.ServiceDefaults.csproj", "{E1A63735-43D5-873B-7420-7FB17D680E9A}"
EndProject
Global
	GlobalSection(SolutionConfigurationPlatforms) = preSolution
		Debug|Any CPU = Debug|Any CPU
		Release|Any CPU = Release|Any CPU
	EndGlobalSection
	GlobalSection(ProjectConfigurationPlatforms) = postSolution
		{5469CE12-A76B-37CC-C9DC-247BA73EA41B}.Debug|Any CPU.ActiveCfg = Debug|Any CPU
		{5469CE12-A76B-37CC-C9DC-247BA73EA41B}.Debug|Any CPU.Build.0 = Debug|Any CPU
		{5469CE12-A76B-37CC-C9DC-247BA73EA41B}.Release|Any CPU.ActiveCfg = Release|Any CPU
		{5469CE12-A76B-37CC-C9DC-247BA73EA41B}.Release|Any CPU.Build.0 = Release|Any CPU
		{8D77DF3F-F674-4923-8516-A7B60BBCBDC9}.Debug|Any CPU.ActiveCfg = Debug|Any CPU
		{8D77DF3F-F674-4923-8516-A7B60BBCBDC9}.Debug|Any CPU.Build.0 = Debug|Any CPU
		{8D77DF3F-F674-4923-8516-A7B60BBCBDC9}.Release|Any CPU.ActiveCfg = Release|Any CPU
		{8D77DF3F-F674-4923-8516-A7B60BBCBDC9}.Release|Any CPU.Build.0 = Release|Any CPU
		{E1A63735-43D5-873B-7420-7FB17D680E9A}.Debug|Any CPU.ActiveCfg = Debug|Any CPU
		{E1A63735-43D5-873B-7420-7FB17D680E9A}.Debug|Any CPU.Build.0 = Debug|Any CPU
		{E1A63735-43D5-873B-7420-7FB17D680E9A}.Release|Any CPU.ActiveCfg = Release|Any CPU
		{E1A63735-43D5-873B-7420-7FB17D680E9A}.Release|Any CPU.Build.0 = Release|Any CPU
	EndGlobalSection
	GlobalSection(SolutionProperties) = preSolution
		HideSolutionNode = FALSE
	EndGlobalSection
	GlobalSection(ExtensibilityGlobals) = postSolution
		SolutionGuid = {AB7CAB2F-B814-4254-B70C-D088770A002F}
	EndGlobalSection
EndGlobal
